// !$*UTF8*$!
{
	archiveVersion = 1;
	classes = {
	};
	objectVersion = 55;
	objects = {

/* Begin PBXBuildFile section */
		0D5F0CB42716BDA800E05B01 /* NewUserViewController.swift in Sources */ = {isa = PBXBuildFile; fileRef = 0D5F0CB32716BDA800E05B01 /* NewUserViewController.swift */; };
		0D5F0CB62716BDCA00E05B01 /* NewUserViewModel.swift in Sources */ = {isa = PBXBuildFile; fileRef = 0D5F0CB52716BDCA00E05B01 /* NewUserViewModel.swift */; };
		0D5F0CB92716BE1400E05B01 /* MainMapViewController.swift in Sources */ = {isa = PBXBuildFile; fileRef = 0D5F0CB82716BE1400E05B01 /* MainMapViewController.swift */; };
		0D5F0CBB2716BE3200E05B01 /* MainMapViewModel.swift in Sources */ = {isa = PBXBuildFile; fileRef = 0D5F0CBA2716BE3200E05B01 /* MainMapViewModel.swift */; };
		0D5F0CBD2716BE7B00E05B01 /* MapDetailViewController.swift in Sources */ = {isa = PBXBuildFile; fileRef = 0D5F0CBC2716BE7B00E05B01 /* MapDetailViewController.swift */; };
		0D5F0CBF2716BE9A00E05B01 /* MapDetailViewModel.swift in Sources */ = {isa = PBXBuildFile; fileRef = 0D5F0CBE2716BE9A00E05B01 /* MapDetailViewModel.swift */; };
		0D5F0CC12716BED600E05B01 /* UserEditViewController.swift in Sources */ = {isa = PBXBuildFile; fileRef = 0D5F0CC02716BED600E05B01 /* UserEditViewController.swift */; };
		0D5F0CC32716BEF600E05B01 /* UserEditViewModel.swift in Sources */ = {isa = PBXBuildFile; fileRef = 0D5F0CC22716BEF600E05B01 /* UserEditViewModel.swift */; };
		0DE6794427160CBA002B0234 /* AppDelegate.swift in Sources */ = {isa = PBXBuildFile; fileRef = 0DE6794327160CBA002B0234 /* AppDelegate.swift */; };
		0DE6794627160CBA002B0234 /* SceneDelegate.swift in Sources */ = {isa = PBXBuildFile; fileRef = 0DE6794527160CBA002B0234 /* SceneDelegate.swift */; };
		0DE6794B27160CBA002B0234 /* Main.storyboard in Resources */ = {isa = PBXBuildFile; fileRef = 0DE6794927160CBA002B0234 /* Main.storyboard */; };
		0DE6794D27160CBB002B0234 /* Assets.xcassets in Resources */ = {isa = PBXBuildFile; fileRef = 0DE6794C27160CBB002B0234 /* Assets.xcassets */; };
		0DE6795027160CBB002B0234 /* LaunchScreen.storyboard in Resources */ = {isa = PBXBuildFile; fileRef = 0DE6794E27160CBB002B0234 /* LaunchScreen.storyboard */; };
		0DE6795A27160EC7002B0234 /* LoginViewModel.swift in Sources */ = {isa = PBXBuildFile; fileRef = 0DE6795927160EC7002B0234 /* LoginViewModel.swift */; };
		0DEF50D1271F34650024225D /* NewUser.storyboard in Resources */ = {isa = PBXBuildFile; fileRef = 0DEF50D0271F34650024225D /* NewUser.storyboard */; };
		0DEF50D3271F34750024225D /* MainMap.storyboard in Resources */ = {isa = PBXBuildFile; fileRef = 0DEF50D2271F34750024225D /* MainMap.storyboard */; };
		0DEF50D5271F34800024225D /* MapDetail.storyboard in Resources */ = {isa = PBXBuildFile; fileRef = 0DEF50D4271F34800024225D /* MapDetail.storyboard */; };
		0DEF50D8271F34950024225D /* UserEdit.storyboard in Resources */ = {isa = PBXBuildFile; fileRef = 0DEF50D7271F34950024225D /* UserEdit.storyboard */; };
		266D263B271DD3BB00409F3B /* LoginViewController.swift in Sources */ = {isa = PBXBuildFile; fileRef = 266D263A271DD3BB00409F3B /* LoginViewController.swift */; };
		266D263F271DF65700409F3B /* KeyboardConstraints.swift in Sources */ = {isa = PBXBuildFile; fileRef = 266D263E271DF65700409F3B /* KeyboardConstraints.swift */; };
/* End PBXBuildFile section */

/* Begin PBXFileReference section */
		0D5F0CB32716BDA800E05B01 /* NewUserViewController.swift */ = {isa = PBXFileReference; lastKnownFileType = sourcecode.swift; path = NewUserViewController.swift; sourceTree = "<group>"; };
		0D5F0CB52716BDCA00E05B01 /* NewUserViewModel.swift */ = {isa = PBXFileReference; lastKnownFileType = sourcecode.swift; path = NewUserViewModel.swift; sourceTree = "<group>"; };
		0D5F0CB82716BE1400E05B01 /* MainMapViewController.swift */ = {isa = PBXFileReference; lastKnownFileType = sourcecode.swift; path = MainMapViewController.swift; sourceTree = "<group>"; };
		0D5F0CBA2716BE3200E05B01 /* MainMapViewModel.swift */ = {isa = PBXFileReference; lastKnownFileType = sourcecode.swift; path = MainMapViewModel.swift; sourceTree = "<group>"; };
		0D5F0CBC2716BE7B00E05B01 /* MapDetailViewController.swift */ = {isa = PBXFileReference; lastKnownFileType = sourcecode.swift; path = MapDetailViewController.swift; sourceTree = "<group>"; };
		0D5F0CBE2716BE9A00E05B01 /* MapDetailViewModel.swift */ = {isa = PBXFileReference; lastKnownFileType = sourcecode.swift; path = MapDetailViewModel.swift; sourceTree = "<group>"; };
		0D5F0CC02716BED600E05B01 /* UserEditViewController.swift */ = {isa = PBXFileReference; lastKnownFileType = sourcecode.swift; path = UserEditViewController.swift; sourceTree = "<group>"; };
		0D5F0CC22716BEF600E05B01 /* UserEditViewModel.swift */ = {isa = PBXFileReference; lastKnownFileType = sourcecode.swift; path = UserEditViewModel.swift; sourceTree = "<group>"; };
		0DE6794027160CBA002B0234 /* ParkingApp.app */ = {isa = PBXFileReference; explicitFileType = wrapper.application; includeInIndex = 0; path = ParkingApp.app; sourceTree = BUILT_PRODUCTS_DIR; };
		0DE6794327160CBA002B0234 /* AppDelegate.swift */ = {isa = PBXFileReference; lastKnownFileType = sourcecode.swift; path = AppDelegate.swift; sourceTree = "<group>"; };
		0DE6794527160CBA002B0234 /* SceneDelegate.swift */ = {isa = PBXFileReference; lastKnownFileType = sourcecode.swift; path = SceneDelegate.swift; sourceTree = "<group>"; };
		0DE6794A27160CBA002B0234 /* Base */ = {isa = PBXFileReference; lastKnownFileType = file.storyboard; name = Base; path = Base.lproj/Main.storyboard; sourceTree = "<group>"; };
		0DE6794C27160CBB002B0234 /* Assets.xcassets */ = {isa = PBXFileReference; lastKnownFileType = folder.assetcatalog; path = Assets.xcassets; sourceTree = "<group>"; };
		0DE6794F27160CBB002B0234 /* Base */ = {isa = PBXFileReference; lastKnownFileType = file.storyboard; name = Base; path = Base.lproj/LaunchScreen.storyboard; sourceTree = "<group>"; };
		0DE6795127160CBB002B0234 /* Info.plist */ = {isa = PBXFileReference; lastKnownFileType = text.plist.xml; path = Info.plist; sourceTree = "<group>"; };
		0DE6795927160EC7002B0234 /* LoginViewModel.swift */ = {isa = PBXFileReference; lastKnownFileType = sourcecode.swift; path = LoginViewModel.swift; sourceTree = "<group>"; };
		0DEF50D0271F34650024225D /* NewUser.storyboard */ = {isa = PBXFileReference; lastKnownFileType = file.storyboard; path = NewUser.storyboard; sourceTree = "<group>"; };
		0DEF50D2271F34750024225D /* MainMap.storyboard */ = {isa = PBXFileReference; lastKnownFileType = file.storyboard; path = MainMap.storyboard; sourceTree = "<group>"; };
		0DEF50D4271F34800024225D /* MapDetail.storyboard */ = {isa = PBXFileReference; lastKnownFileType = file.storyboard; path = MapDetail.storyboard; sourceTree = "<group>"; };
		0DEF50D7271F34950024225D /* UserEdit.storyboard */ = {isa = PBXFileReference; lastKnownFileType = file.storyboard; path = UserEdit.storyboard; sourceTree = "<group>"; };
		266D263A271DD3BB00409F3B /* LoginViewController.swift */ = {isa = PBXFileReference; fileEncoding = 4; lastKnownFileType = sourcecode.swift; path = LoginViewController.swift; sourceTree = "<group>"; };
		266D263E271DF65700409F3B /* KeyboardConstraints.swift */ = {isa = PBXFileReference; fileEncoding = 4; lastKnownFileType = sourcecode.swift; path = KeyboardConstraints.swift; sourceTree = "<group>"; };
/* End PBXFileReference section */

/* Begin PBXFrameworksBuildPhase section */
		0DE6793D27160CBA002B0234 /* Frameworks */ = {
			isa = PBXFrameworksBuildPhase;
			buildActionMask = 2147483647;
			files = (
			);
			runOnlyForDeploymentPostprocessing = 0;
		};
/* End PBXFrameworksBuildPhase section */

/* Begin PBXGroup section */
		0D5B0B492716116A00453186 /* Other */ = {
			isa = PBXGroup;
			children = (
				0DE6795127160CBB002B0234 /* Info.plist */,
				0DE6794E27160CBB002B0234 /* LaunchScreen.storyboard */,
				0DE6794C27160CBB002B0234 /* Assets.xcassets */,
			);
			name = Other;
			sourceTree = "<group>";
		};
		0D5B0B4A271611E000453186 /* Extensions */ = {
			isa = PBXGroup;
			children = (
			);
			path = Extensions;
			sourceTree = "<group>";
		};
		0DE6793727160CBA002B0234 = {
			isa = PBXGroup;
			children = (
				0DE6794227160CBA002B0234 /* ParkingApp */,
				0DE6794127160CBA002B0234 /* Products */,
			);
			sourceTree = "<group>";
		};
		0DE6794127160CBA002B0234 /* Products */ = {
			isa = PBXGroup;
			children = (
				0DE6794027160CBA002B0234 /* ParkingApp.app */,
			);
			name = Products;
			sourceTree = "<group>";
		};
		0DE6794227160CBA002B0234 /* ParkingApp */ = {
			isa = PBXGroup;
			children = (
				266D263E271DF65700409F3B /* KeyboardConstraints.swift */,
				0DE6794327160CBA002B0234 /* AppDelegate.swift */,
				0DE6794527160CBA002B0234 /* SceneDelegate.swift */,
				0DE6794927160CBA002B0234 /* Main.storyboard */,
				0DEF50D0271F34650024225D /* NewUser.storyboard */,
				0DEF50D2271F34750024225D /* MainMap.storyboard */,
				0DEF50D7271F34950024225D /* UserEdit.storyboard */,
				0DEF50D4271F34800024225D /* MapDetail.storyboard */,
				0DE6795727160E7F002B0234 /* ViewControllers */,
				0DE6795827160E91002B0234 /* ViewModels */,
				0D5B0B4A271611E000453186 /* Extensions */,
				0D5B0B492716116A00453186 /* Other */,
			);
			path = ParkingApp;
			sourceTree = "<group>";
		};
		0DE6795727160E7F002B0234 /* ViewControllers */ = {
			isa = PBXGroup;
			children = (
				266D263A271DD3BB00409F3B /* LoginViewController.swift */,
				0D5F0CB32716BDA800E05B01 /* NewUserViewController.swift */,
				0D5F0CB82716BE1400E05B01 /* MainMapViewController.swift */,
				0D5F0CBC2716BE7B00E05B01 /* MapDetailViewController.swift */,
				0D5F0CC02716BED600E05B01 /* UserEditViewController.swift */,
			);
			path = ViewControllers;
			sourceTree = "<group>";
		};
		0DE6795827160E91002B0234 /* ViewModels */ = {
			isa = PBXGroup;
			children = (
				0DE6795927160EC7002B0234 /* LoginViewModel.swift */,
				0D5F0CB52716BDCA00E05B01 /* NewUserViewModel.swift */,
				0D5F0CBA2716BE3200E05B01 /* MainMapViewModel.swift */,
				0D5F0CBE2716BE9A00E05B01 /* MapDetailViewModel.swift */,
				0D5F0CC22716BEF600E05B01 /* UserEditViewModel.swift */,
			);
			path = ViewModels;
			sourceTree = "<group>";
		};
/* End PBXGroup section */

/* Begin PBXNativeTarget section */
		0DE6793F27160CBA002B0234 /* ParkingApp */ = {
			isa = PBXNativeTarget;
			buildConfigurationList = 0DE6795427160CBB002B0234 /* Build configuration list for PBXNativeTarget "ParkingApp" */;
			buildPhases = (
				0DE6793C27160CBA002B0234 /* Sources */,
				0DE6793D27160CBA002B0234 /* Frameworks */,
				0DE6793E27160CBA002B0234 /* Resources */,
			);
			buildRules = (
			);
			dependencies = (
			);
			name = ParkingApp;
			productName = ParkingApp;
			productReference = 0DE6794027160CBA002B0234 /* ParkingApp.app */;
			productType = "com.apple.product-type.application";
		};
/* End PBXNativeTarget section */

/* Begin PBXProject section */
		0DE6793827160CBA002B0234 /* Project object */ = {
			isa = PBXProject;
			attributes = {
				BuildIndependentTargetsInParallel = 1;
				LastSwiftUpdateCheck = 1300;
				LastUpgradeCheck = 1300;
				TargetAttributes = {
					0DE6793F27160CBA002B0234 = {
						CreatedOnToolsVersion = 13.0;
					};
				};
			};
			buildConfigurationList = 0DE6793B27160CBA002B0234 /* Build configuration list for PBXProject "ParkingApp" */;
			compatibilityVersion = "Xcode 13.0";
			developmentRegion = en;
			hasScannedForEncodings = 0;
			knownRegions = (
				en,
				Base,
			);
			mainGroup = 0DE6793727160CBA002B0234;
			productRefGroup = 0DE6794127160CBA002B0234 /* Products */;
			projectDirPath = "";
			projectRoot = "";
			targets = (
				0DE6793F27160CBA002B0234 /* ParkingApp */,
			);
		};
/* End PBXProject section */

/* Begin PBXResourcesBuildPhase section */
		0DE6793E27160CBA002B0234 /* Resources */ = {
			isa = PBXResourcesBuildPhase;
			buildActionMask = 2147483647;
			files = (
				0DE6795027160CBB002B0234 /* LaunchScreen.storyboard in Resources */,
				0DEF50D3271F34750024225D /* MainMap.storyboard in Resources */,
				0DEF50D8271F34950024225D /* UserEdit.storyboard in Resources */,
				0DEF50D5271F34800024225D /* MapDetail.storyboard in Resources */,
				0DE6794D27160CBB002B0234 /* Assets.xcassets in Resources */,
				0DEF50D1271F34650024225D /* NewUser.storyboard in Resources */,
				0DE6794B27160CBA002B0234 /* Main.storyboard in Resources */,
			);
			runOnlyForDeploymentPostprocessing = 0;
		};
/* End PBXResourcesBuildPhase section */

/* Begin PBXSourcesBuildPhase section */
		0DE6793C27160CBA002B0234 /* Sources */ = {
			isa = PBXSourcesBuildPhase;
			buildActionMask = 2147483647;
			files = (
				0D5F0CBB2716BE3200E05B01 /* MainMapViewModel.swift in Sources */,
				266D263F271DF65700409F3B /* KeyboardConstraints.swift in Sources */,
				0D5F0CB92716BE1400E05B01 /* MainMapViewController.swift in Sources */,
				0DE6794427160CBA002B0234 /* AppDelegate.swift in Sources */,
				0D5F0CB62716BDCA00E05B01 /* NewUserViewModel.swift in Sources */,
				0D5F0CBD2716BE7B00E05B01 /* MapDetailViewController.swift in Sources */,
				0D5F0CB42716BDA800E05B01 /* NewUserViewController.swift in Sources */,
				0D5F0CC32716BEF600E05B01 /* UserEditViewModel.swift in Sources */,
				266D263B271DD3BB00409F3B /* LoginViewController.swift in Sources */,
				0DE6794627160CBA002B0234 /* SceneDelegate.swift in Sources */,
				0D5F0CBF2716BE9A00E05B01 /* MapDetailViewModel.swift in Sources */,
				0D5F0CC12716BED600E05B01 /* UserEditViewController.swift in Sources */,
				0DE6795A27160EC7002B0234 /* LoginViewModel.swift in Sources */,
			);
			runOnlyForDeploymentPostprocessing = 0;
		};
/* End PBXSourcesBuildPhase section */

/* Begin PBXVariantGroup section */
		0DE6794927160CBA002B0234 /* Main.storyboard */ = {
			isa = PBXVariantGroup;
			children = (
				0DE6794A27160CBA002B0234 /* Base */,
			);
			name = Main.storyboard;
			sourceTree = "<group>";
		};
		0DE6794E27160CBB002B0234 /* LaunchScreen.storyboard */ = {
			isa = PBXVariantGroup;
			children = (
				0DE6794F27160CBB002B0234 /* Base */,
			);
			name = LaunchScreen.storyboard;
			sourceTree = "<group>";
		};
/* End PBXVariantGroup section */

/* Begin XCBuildConfiguration section */
		0DE6795227160CBB002B0234 /* Debug */ = {
			isa = XCBuildConfiguration;
			buildSettings = {
				ALWAYS_SEARCH_USER_PATHS = NO;
				CLANG_ANALYZER_NONNULL = YES;
				CLANG_ANALYZER_NUMBER_OBJECT_CONVERSION = YES_AGGRESSIVE;
				CLANG_CXX_LANGUAGE_STANDARD = "gnu++17";
				CLANG_CXX_LIBRARY = "libc++";
				CLANG_ENABLE_MODULES = YES;
				CLANG_ENABLE_OBJC_ARC = YES;
				CLANG_ENABLE_OBJC_WEAK = YES;
				CLANG_WARN_BLOCK_CAPTURE_AUTORELEASING = YES;
				CLANG_WARN_BOOL_CONVERSION = YES;
				CLANG_WARN_COMMA = YES;
				CLANG_WARN_CONSTANT_CONVERSION = YES;
				CLANG_WARN_DEPRECATED_OBJC_IMPLEMENTATIONS = YES;
				CLANG_WARN_DIRECT_OBJC_ISA_USAGE = YES_ERROR;
				CLANG_WARN_DOCUMENTATION_COMMENTS = YES;
				CLANG_WARN_EMPTY_BODY = YES;
				CLANG_WARN_ENUM_CONVERSION = YES;
				CLANG_WARN_INFINITE_RECURSION = YES;
				CLANG_WARN_INT_CONVERSION = YES;
				CLANG_WARN_NON_LITERAL_NULL_CONVERSION = YES;
				CLANG_WARN_OBJC_IMPLICIT_RETAIN_SELF = YES;
				CLANG_WARN_OBJC_LITERAL_CONVERSION = YES;
				CLANG_WARN_OBJC_ROOT_CLASS = YES_ERROR;
				CLANG_WARN_QUOTED_INCLUDE_IN_FRAMEWORK_HEADER = YES;
				CLANG_WARN_RANGE_LOOP_ANALYSIS = YES;
				CLANG_WARN_STRICT_PROTOTYPES = YES;
				CLANG_WARN_SUSPICIOUS_MOVE = YES;
				CLANG_WARN_UNGUARDED_AVAILABILITY = YES_AGGRESSIVE;
				CLANG_WARN_UNREACHABLE_CODE = YES;
				CLANG_WARN__DUPLICATE_METHOD_MATCH = YES;
				COPY_PHASE_STRIP = NO;
				DEBUG_INFORMATION_FORMAT = dwarf;
				ENABLE_STRICT_OBJC_MSGSEND = YES;
				ENABLE_TESTABILITY = YES;
				GCC_C_LANGUAGE_STANDARD = gnu11;
				GCC_DYNAMIC_NO_PIC = NO;
				GCC_NO_COMMON_BLOCKS = YES;
				GCC_OPTIMIZATION_LEVEL = 0;
				GCC_PREPROCESSOR_DEFINITIONS = (
					"DEBUG=1",
					"$(inherited)",
				);
				GCC_WARN_64_TO_32_BIT_CONVERSION = YES;
				GCC_WARN_ABOUT_RETURN_TYPE = YES_ERROR;
				GCC_WARN_UNDECLARED_SELECTOR = YES;
				GCC_WARN_UNINITIALIZED_AUTOS = YES_AGGRESSIVE;
				GCC_WARN_UNUSED_FUNCTION = YES;
				GCC_WARN_UNUSED_VARIABLE = YES;
				IPHONEOS_DEPLOYMENT_TARGET = 15.0;
				MTL_ENABLE_DEBUG_INFO = INCLUDE_SOURCE;
				MTL_FAST_MATH = YES;
				ONLY_ACTIVE_ARCH = YES;
				SDKROOT = iphoneos;
				SWIFT_ACTIVE_COMPILATION_CONDITIONS = DEBUG;
				SWIFT_OPTIMIZATION_LEVEL = "-Onone";
			};
			name = Debug;
		};
		0DE6795327160CBB002B0234 /* Release */ = {
			isa = XCBuildConfiguration;
			buildSettings = {
				ALWAYS_SEARCH_USER_PATHS = NO;
				CLANG_ANALYZER_NONNULL = YES;
				CLANG_ANALYZER_NUMBER_OBJECT_CONVERSION = YES_AGGRESSIVE;
				CLANG_CXX_LANGUAGE_STANDARD = "gnu++17";
				CLANG_CXX_LIBRARY = "libc++";
				CLANG_ENABLE_MODULES = YES;
				CLANG_ENABLE_OBJC_ARC = YES;
				CLANG_ENABLE_OBJC_WEAK = YES;
				CLANG_WARN_BLOCK_CAPTURE_AUTORELEASING = YES;
				CLANG_WARN_BOOL_CONVERSION = YES;
				CLANG_WARN_COMMA = YES;
				CLANG_WARN_CONSTANT_CONVERSION = YES;
				CLANG_WARN_DEPRECATED_OBJC_IMPLEMENTATIONS = YES;
				CLANG_WARN_DIRECT_OBJC_ISA_USAGE = YES_ERROR;
				CLANG_WARN_DOCUMENTATION_COMMENTS = YES;
				CLANG_WARN_EMPTY_BODY = YES;
				CLANG_WARN_ENUM_CONVERSION = YES;
				CLANG_WARN_INFINITE_RECURSION = YES;
				CLANG_WARN_INT_CONVERSION = YES;
				CLANG_WARN_NON_LITERAL_NULL_CONVERSION = YES;
				CLANG_WARN_OBJC_IMPLICIT_RETAIN_SELF = YES;
				CLANG_WARN_OBJC_LITERAL_CONVERSION = YES;
				CLANG_WARN_OBJC_ROOT_CLASS = YES_ERROR;
				CLANG_WARN_QUOTED_INCLUDE_IN_FRAMEWORK_HEADER = YES;
				CLANG_WARN_RANGE_LOOP_ANALYSIS = YES;
				CLANG_WARN_STRICT_PROTOTYPES = YES;
				CLANG_WARN_SUSPICIOUS_MOVE = YES;
				CLANG_WARN_UNGUARDED_AVAILABILITY = YES_AGGRESSIVE;
				CLANG_WARN_UNREACHABLE_CODE = YES;
				CLANG_WARN__DUPLICATE_METHOD_MATCH = YES;
				COPY_PHASE_STRIP = NO;
				DEBUG_INFORMATION_FORMAT = "dwarf-with-dsym";
				ENABLE_NS_ASSERTIONS = NO;
				ENABLE_STRICT_OBJC_MSGSEND = YES;
				GCC_C_LANGUAGE_STANDARD = gnu11;
				GCC_NO_COMMON_BLOCKS = YES;
				GCC_WARN_64_TO_32_BIT_CONVERSION = YES;
				GCC_WARN_ABOUT_RETURN_TYPE = YES_ERROR;
				GCC_WARN_UNDECLARED_SELECTOR = YES;
				GCC_WARN_UNINITIALIZED_AUTOS = YES_AGGRESSIVE;
				GCC_WARN_UNUSED_FUNCTION = YES;
				GCC_WARN_UNUSED_VARIABLE = YES;
				IPHONEOS_DEPLOYMENT_TARGET = 15.0;
				MTL_ENABLE_DEBUG_INFO = NO;
				MTL_FAST_MATH = YES;
				SDKROOT = iphoneos;
				SWIFT_COMPILATION_MODE = wholemodule;
				SWIFT_OPTIMIZATION_LEVEL = "-O";
				VALIDATE_PRODUCT = YES;
			};
			name = Release;
		};
		0DE6795527160CBB002B0234 /* Debug */ = {
			isa = XCBuildConfiguration;
			buildSettings = {
				ASSETCATALOG_COMPILER_APPICON_NAME = AppIcon;
				ASSETCATALOG_COMPILER_GLOBAL_ACCENT_COLOR_NAME = AccentColor;
				CODE_SIGN_STYLE = Automatic;
				CURRENT_PROJECT_VERSION = 1;
				GENERATE_INFOPLIST_FILE = YES;
				INFOPLIST_FILE = ParkingApp/Info.plist;
				INFOPLIST_KEY_UIApplicationSupportsIndirectInputEvents = YES;
				INFOPLIST_KEY_UILaunchStoryboardName = LaunchScreen;
				INFOPLIST_KEY_UIMainStoryboardFile = Main;
				INFOPLIST_KEY_UISupportedInterfaceOrientations = UIInterfaceOrientationPortrait;
				INFOPLIST_KEY_UISupportedInterfaceOrientations_iPad = "UIInterfaceOrientationPortrait UIInterfaceOrientationPortraitUpsideDown UIInterfaceOrientationLandscapeLeft UIInterfaceOrientationLandscapeRight";
				INFOPLIST_KEY_UISupportedInterfaceOrientations_iPhone = "UIInterfaceOrientationPortrait UIInterfaceOrientationLandscapeLeft UIInterfaceOrientationLandscapeRight";
				LD_RUNPATH_SEARCH_PATHS = (
					"$(inherited)",
					"@executable_path/Frameworks",
				);
				MARKETING_VERSION = 1.0;
				PRODUCT_BUNDLE_IDENTIFIER = com.obv.ParkingApp;
				PRODUCT_NAME = "$(TARGET_NAME)";
				SWIFT_EMIT_LOC_STRINGS = YES;
				SWIFT_VERSION = 5.0;
				TARGETED_DEVICE_FAMILY = "1,2";
			};
			name = Debug;
		};
		0DE6795627160CBB002B0234 /* Release */ = {
			isa = XCBuildConfiguration;
			buildSettings = {
				ASSETCATALOG_COMPILER_APPICON_NAME = AppIcon;
				ASSETCATALOG_COMPILER_GLOBAL_ACCENT_COLOR_NAME = AccentColor;
				CODE_SIGN_STYLE = Automatic;
				CURRENT_PROJECT_VERSION = 1;
				GENERATE_INFOPLIST_FILE = YES;
				INFOPLIST_FILE = ParkingApp/Info.plist;
				INFOPLIST_KEY_UIApplicationSupportsIndirectInputEvents = YES;
				INFOPLIST_KEY_UILaunchStoryboardName = LaunchScreen;
				INFOPLIST_KEY_UIMainStoryboardFile = Main;
				INFOPLIST_KEY_UISupportedInterfaceOrientations = UIInterfaceOrientationPortrait;
				INFOPLIST_KEY_UISupportedInterfaceOrientations_iPad = "UIInterfaceOrientationPortrait UIInterfaceOrientationPortraitUpsideDown UIInterfaceOrientationLandscapeLeft UIInterfaceOrientationLandscapeRight";
				INFOPLIST_KEY_UISupportedInterfaceOrientations_iPhone = "UIInterfaceOrientationPortrait UIInterfaceOrientationLandscapeLeft UIInterfaceOrientationLandscapeRight";
				LD_RUNPATH_SEARCH_PATHS = (
					"$(inherited)",
					"@executable_path/Frameworks",
				);
				MARKETING_VERSION = 1.0;
				PRODUCT_BUNDLE_IDENTIFIER = com.obv.ParkingApp;
				PRODUCT_NAME = "$(TARGET_NAME)";
				SWIFT_EMIT_LOC_STRINGS = YES;
				SWIFT_VERSION = 5.0;
				TARGETED_DEVICE_FAMILY = "1,2";
			};
			name = Release;
		};
/* End XCBuildConfiguration section */

/* Begin XCConfigurationList section */
		0DE6793B27160CBA002B0234 /* Build configuration list for PBXProject "ParkingApp" */ = {
			isa = XCConfigurationList;
			buildConfigurations = (
				0DE6795227160CBB002B0234 /* Debug */,
				0DE6795327160CBB002B0234 /* Release */,
			);
			defaultConfigurationIsVisible = 0;
			defaultConfigurationName = Release;
		};
		0DE6795427160CBB002B0234 /* Build configuration list for PBXNativeTarget "ParkingApp" */ = {
			isa = XCConfigurationList;
			buildConfigurations = (
				0DE6795527160CBB002B0234 /* Debug */,
				0DE6795627160CBB002B0234 /* Release */,
			);
			defaultConfigurationIsVisible = 0;
			defaultConfigurationName = Release;
		};
/* End XCConfigurationList section */
	};
	rootObject = 0DE6793827160CBA002B0234 /* Project object */;
}
